
Microsoft Visual Studio Solution File, Format Version 11.00
# Visual Studio 2010
Project("{FAE04EC0-301F-11D3-BF4B-00C04F79EFBC}") = "AccelLib", "AccelLib\AccelLib.csproj", "{E54192C0-FF9D-4CD1-B259-5A400FD7D7A9}"
EndProject
Project("{2150E333-8FDC-42A3-9474-1A3956D46DE8}") = "Solution Items", "Solution Items", "{B78E68D9-1666-403E-B909-1A8538C6EF2A}"
	ProjectSection(SolutionItems) = preProject
		AccelLib.vsmdi = AccelLib.vsmdi
		Local.testsettings = Local.testsettings
		README.md = README.md
		TraceAndTestImpact.testsettings = TraceAndTestImpact.testsettings
	EndProjectSection
EndProject
Project("{FAE04EC0-301F-11D3-BF4B-00C04F79EFBC}") = "AccelLibTest", "AccelLibTest\AccelLibTest.csproj", "{29417139-A5B7-4B8E-A3F4-A1132314443F}"
EndProject
Global
	GlobalSection(TestCaseManagementSettings) = postSolution
		CategoryFile = AccelLib.vsmdi
	EndGlobalSection
	GlobalSection(SolutionConfigurationPlatforms) = preSolution
		Debug|Any CPU = Debug|Any CPU
		Debug|Mixed Platforms = Debug|Mixed Platforms
		Debug|x86 = Debug|x86
		Release|Any CPU = Release|Any CPU
		Release|Mixed Platforms = Release|Mixed Platforms
		Release|x86 = Release|x86
	EndGlobalSection
	GlobalSection(ProjectConfigurationPlatforms) = postSolution
		{E54192C0-FF9D-4CD1-B259-5A400FD7D7A9}.Debug|Any CPU.ActiveCfg = Debug|Any CPU
		{E54192C0-FF9D-4CD1-B259-5A400FD7D7A9}.Debug|Any CPU.Build.0 = Debug|Any CPU
		{E54192C0-FF9D-4CD1-B259-5A400FD7D7A9}.Debug|Mixed Platforms.ActiveCfg = Debug|Any CPU
		{E54192C0-FF9D-4CD1-B259-5A400FD7D7A9}.Debug|Mixed Platforms.Build.0 = Debug|Any CPU
		{E54192C0-FF9D-4CD1-B259-5A400FD7D7A9}.Debug|x86.ActiveCfg = Debug|Any CPU
		{E54192C0-FF9D-4CD1-B259-5A400FD7D7A9}.Release|Any CPU.ActiveCfg = Release|Any CPU
		{E54192C0-FF9D-4CD1-B259-5A400FD7D7A9}.Release|Any CPU.Build.0 = Release|Any CPU
		{E54192C0-FF9D-4CD1-B259-5A400FD7D7A9}.Release|Mixed Platforms.ActiveCfg = Release|Any CPU
		{E54192C0-FF9D-4CD1-B259-5A400FD7D7A9}.Release|Mixed Platforms.Build.0 = Release|Any CPU
		{E54192C0-FF9D-4CD1-B259-5A400FD7D7A9}.Release|x86.ActiveCfg = Release|Any CPU
		{29417139-A5B7-4B8E-A3F4-A1132314443F}.Debug|Any CPU.ActiveCfg = Debug|Any CPU
		{29417139-A5B7-4B8E-A3F4-A1132314443F}.Debug|Any CPU.Build.0 = Debug|Any CPU
		{29417139-A5B7-4B8E-A3F4-A1132314443F}.Debug|Mixed Platforms.ActiveCfg = Debug|Any CPU
		{29417139-A5B7-4B8E-A3F4-A1132314443F}.Debug|Mixed Platforms.Build.0 = Debug|Any CPU
		{29417139-A5B7-4B8E-A3F4-A1132314443F}.Debug|x86.ActiveCfg = Debug|Any CPU
		{29417139-A5B7-4B8E-A3F4-A1132314443F}.Release|Any CPU.ActiveCfg = Release|Any CPU
		{29417139-A5B7-4B8E-A3F4-A1132314443F}.Release|Any CPU.Build.0 = Release|Any CPU
		{29417139-A5B7-4B8E-A3F4-A1132314443F}.Release|Mixed Platforms.ActiveCfg = Release|Any CPU
		{29417139-A5B7-4B8E-A3F4-A1132314443F}.Release|Mixed Platforms.Build.0 = Release|Any CPU
		{29417139-A5B7-4B8E-A3F4-A1132314443F}.Release|x86.ActiveCfg = Release|Any CPU
	EndGlobalSection
	GlobalSection(SolutionProperties) = preSolution
		HideSolutionNode = FALSE
	EndGlobalSection
EndGlobal
